
Microsoft Visual Studio Solution File, Format Version 12.00
# Visual Studio 15
VisualStudioVersion = 15.0.28307.329
MinimumVisualStudioVersion = 10.0.40219.1
Project("{FAE04EC0-301F-11D3-BF4B-00C04F79EFBC}") = "ExtensionMethodsExample", "ExtensionMethodsExample\ExtensionMethodsExample.csproj", "{528654A9-CAC3-41F1-8509-8F203B0F325D}"
EndProject
Global
	GlobalSection(SolutionConfigurationPlatforms) = preSolution
		Debug|Any CPU = Debug|Any CPU
		Release|Any CPU = Release|Any CPU
	EndGlobalSection
	GlobalSection(ProjectConfigurationPlatforms) = postSolution
		{528654A9-CAC3-41F1-8509-8F203B0F325D}.Debug|Any CPU.ActiveCfg = Debug|Any CPU
		{528654A9-CAC3-41F1-8509-8F203B0F325D}.Debug|Any CPU.Build.0 = Debug|Any CPU
		{528654A9-CAC3-41F1-8509-8F203B0F325D}.Release|Any CPU.ActiveCfg = Release|Any CPU
		{528654A9-CAC3-41F1-8509-8F203B0F325D}.Release|Any CPU.Build.0 = Release|Any CPU
	EndGlobalSection
	GlobalSection(SolutionProperties) = preSolution
		HideSolutionNode = FALSE
	EndGlobalSection
	GlobalSection(ExtensibilityGlobals) = postSolution
		SolutionGuid = {F68EABE5-8941-4A25-B2AD-9ED80468A909}
	EndGlobalSection
EndGlobal
